Microsoft Visual Studio Solution File, Format Version 12.00
# Visual Studio Version 17
VisualStudioVersion = 17.5.2.0
MinimumVisualStudioVersion = 10.0.40219.1
Project("{FAE04EC0-301F-11D3-BF4B-00C04F79EFBC}") = "HitlessMode", "HitlessMode\HitlessMode.csproj", "{8513DA6D-429A-00F8-0233-3FC689C93690}"
EndProject
Global
	GlobalSection(SolutionConfigurationPlatforms) = preSolution
		Debug|Any CPU = Debug|Any CPU
		Release|Any CPU = Release|Any CPU
	EndGlobalSection
	GlobalSection(ProjectConfigurationPlatforms) = postSolution
		{8513DA6D-429A-00F8-0233-3FC689C93690}.Debug|Any CPU.ActiveCfg = Debug|Any CPU
		{8513DA6D-429A-00F8-0233-3FC689C93690}.Debug|Any CPU.Build.0 = Debug|Any CPU
		{8513DA6D-429A-00F8-0233-3FC689C93690}.Release|Any CPU.ActiveCfg = Release|Any CPU
		{8513DA6D-429A-00F8-0233-3FC689C93690}.Release|Any CPU.Build.0 = Release|Any CPU
	EndGlobalSection
	GlobalSection(SolutionProperties) = preSolution
		HideSolutionNode = FALSE
	EndGlobalSection
	GlobalSection(ExtensibilityGlobals) = postSolution
		SolutionGuid = {27B26C23-256E-4EC7-AEAF-DD81E816C6B4}
	EndGlobalSection
EndGlobal
